// !$*UTF8*$!
{
	archiveVersion = 1;
	classes = {
	};
	objectVersion = 56;
	objects = {

/* Begin PBXBuildFile section */
		AD13F6362A61A5D4007F5449 /* UserModel.swift in Sources */ = {isa = PBXBuildFile; fileRef = AD13F6352A61A5D4007F5449 /* UserModel.swift */; };
		AD13F6382A61A6B0007F5449 /* AuthViewModel.swift in Sources */ = {isa = PBXBuildFile; fileRef = AD13F6372A61A6B0007F5449 /* AuthViewModel.swift */; };
		AD13F63B2A61A85F007F5449 /* InterfaceBuilder.swift in Sources */ = {isa = PBXBuildFile; fileRef = AD13F63A2A61A85F007F5449 /* InterfaceBuilder.swift */; };
		AD13F63D2A61AABB007F5449 /* UIView + Extension.swift in Sources */ = {isa = PBXBuildFile; fileRef = AD13F63C2A61AABB007F5449 /* UIView + Extension.swift */; };
		AD13F63F2A61AD28007F5449 /* Bindable.swift in Sources */ = {isa = PBXBuildFile; fileRef = AD13F63E2A61AD28007F5449 /* Bindable.swift */; };
		AD13F6422A61B337007F5449 /* SetupConstraint.swift in Sources */ = {isa = PBXBuildFile; fileRef = AD13F6412A61B337007F5449 /* SetupConstraint.swift */; };
		AD13F6442A61E4F5007F5449 /* MainTabBarViewController.swift in Sources */ = {isa = PBXBuildFile; fileRef = AD13F6432A61E4F5007F5449 /* MainTabBarViewController.swift */; };
		AD1EB9022A7B0D3D00B78AEA /* NavigationBarManager.swift in Sources */ = {isa = PBXBuildFile; fileRef = AD1EB9012A7B0D3D00B78AEA /* NavigationBarManager.swift */; };
		AD1EB9042A7B118500B78AEA /* UsersListTableViewController.swift in Sources */ = {isa = PBXBuildFile; fileRef = AD1EB9032A7B118500B78AEA /* UsersListTableViewController.swift */; };
		AD2F8BEE2A6F014300743601 /* UsersAPI.swift in Sources */ = {isa = PBXBuildFile; fileRef = AD2F8BED2A6F014300743601 /* UsersAPI.swift */; };
		AD2F8BF02A6F0C0500743601 /* SetupDatabase.swift in Sources */ = {isa = PBXBuildFile; fileRef = AD2F8BEF2A6F0C0400743601 /* SetupDatabase.swift */; };
		AD33F4D32A682C320028E919 /* EventsModel.swift in Sources */ = {isa = PBXBuildFile; fileRef = AD33F4D22A682C320028E919 /* EventsModel.swift */; };
		AD33F4D52A6836C60028E919 /* ChatsTableViewCell.swift in Sources */ = {isa = PBXBuildFile; fileRef = AD33F4D42A6836C60028E919 /* ChatsTableViewCell.swift */; };
		AD33F4D72A6837060028E919 /* TemplateModel.swift in Sources */ = {isa = PBXBuildFile; fileRef = AD33F4D62A6837060028E919 /* TemplateModel.swift */; };
		AD33F4DA2A684C880028E919 /* EventCreateViewController.swift in Sources */ = {isa = PBXBuildFile; fileRef = AD33F4D92A684C880028E919 /* EventCreateViewController.swift */; };
		AD33F4DC2A695D6A0028E919 /* NavigationBar + Extension.swift in Sources */ = {isa = PBXBuildFile; fileRef = AD33F4DB2A695D6A0028E919 /* NavigationBar + Extension.swift */; };
		AD47E5B02A62D8CD0060DD3F /* GoogleService-Info.plist in Resources */ = {isa = PBXBuildFile; fileRef = AD47E5AF2A62D8CD0060DD3F /* GoogleService-Info.plist */; };
		AD5C62E22A62DE580069A53F /* FirebaseAnalytics in Frameworks */ = {isa = PBXBuildFile; productRef = AD5C62E12A62DE580069A53F /* FirebaseAnalytics */; };
		AD5C62E42A62DE580069A53F /* FirebaseAuth in Frameworks */ = {isa = PBXBuildFile; productRef = AD5C62E32A62DE580069A53F /* FirebaseAuth */; };
		AD5C62E62A62DE580069A53F /* FirebaseDatabase in Frameworks */ = {isa = PBXBuildFile; productRef = AD5C62E52A62DE580069A53F /* FirebaseDatabase */; };
		AD5C62EA2A6310E30069A53F /* EventsViewController.swift in Sources */ = {isa = PBXBuildFile; fileRef = AD5C62E92A6310E20069A53F /* EventsViewController.swift */; };
		AD5C62EC2A6310F00069A53F /* ChatViewController.swift in Sources */ = {isa = PBXBuildFile; fileRef = AD5C62EB2A6310F00069A53F /* ChatViewController.swift */; };
		AD5C62EE2A6310FA0069A53F /* TeamViewController.swift in Sources */ = {isa = PBXBuildFile; fileRef = AD5C62ED2A6310FA0069A53F /* TeamViewController.swift */; };
		AD5C62F02A6311060069A53F /* ProfileViewController.swift in Sources */ = {isa = PBXBuildFile; fileRef = AD5C62EF2A6311060069A53F /* ProfileViewController.swift */; };
		ADACF2CF2A6186DB00550283 /* AppDelegate.swift in Sources */ = {isa = PBXBuildFile; fileRef = ADACF2CE2A6186DB00550283 /* AppDelegate.swift */; };
		ADACF2D32A6186DB00550283 /* AuthorizationViewController.swift in Sources */ = {isa = PBXBuildFile; fileRef = ADACF2D22A6186DB00550283 /* AuthorizationViewController.swift */; };
		ADACF2D82A6186DF00550283 /* Assets.xcassets in Resources */ = {isa = PBXBuildFile; fileRef = ADACF2D72A6186DF00550283 /* Assets.xcassets */; };
		ADACF2DB2A6186DF00550283 /* LaunchScreen.storyboard in Resources */ = {isa = PBXBuildFile; fileRef = ADACF2D92A6186DF00550283 /* LaunchScreen.storyboard */; };
		ADBFBB0B2A7009D900666533 /* PickerProfileImageView.swift in Sources */ = {isa = PBXBuildFile; fileRef = ADBFBB0A2A7009D900666533 /* PickerProfileImageView.swift */; };
		ADBFBB0E2A70166100666533 /* FirebaseStorage in Frameworks */ = {isa = PBXBuildFile; productRef = ADBFBB0D2A70166100666533 /* FirebaseStorage */; };
		ADBFBB102A71612D00666533 /* ProfileViewModel.swift in Sources */ = {isa = PBXBuildFile; fileRef = ADBFBB0F2A71612D00666533 /* ProfileViewModel.swift */; };
		ADBFBB142A72894C00666533 /* ChatLogController.swift in Sources */ = {isa = PBXBuildFile; fileRef = ADBFBB132A72894C00666533 /* ChatLogController.swift */; };
		ADBFBB162A72917500666533 /* ChatAPI.swift in Sources */ = {isa = PBXBuildFile; fileRef = ADBFBB152A72917500666533 /* ChatAPI.swift */; };
		ADBFBB182A754C6F00666533 /* ChatViewModel.swift in Sources */ = {isa = PBXBuildFile; fileRef = ADBFBB172A754C6F00666533 /* ChatViewModel.swift */; };
		ADDA9CA12A6579FD0008C481 /* SceneDelegate.swift in Sources */ = {isa = PBXBuildFile; fileRef = ADDA9CA02A6579FD0008C481 /* SceneDelegate.swift */; };
		ADDBC56D2A6589BD004CD8E6 /* Coordinator.swift in Sources */ = {isa = PBXBuildFile; fileRef = ADDBC56C2A6589BD004CD8E6 /* Coordinator.swift */; };
		ADDF7F202A6704FA009FE3C2 /* EventTableViewCell.swift in Sources */ = {isa = PBXBuildFile; fileRef = ADDF7F1F2A6704FA009FE3C2 /* EventTableViewCell.swift */; };
/* End PBXBuildFile section */

/* Begin PBXFileReference section */
		AD13F6352A61A5D4007F5449 /* UserModel.swift */ = {isa = PBXFileReference; lastKnownFileType = sourcecode.swift; path = UserModel.swift; sourceTree = "<group>"; };
		AD13F6372A61A6B0007F5449 /* AuthViewModel.swift */ = {isa = PBXFileReference; lastKnownFileType = sourcecode.swift; path = AuthViewModel.swift; sourceTree = "<group>"; };
		AD13F63A2A61A85F007F5449 /* InterfaceBuilder.swift */ = {isa = PBXFileReference; lastKnownFileType = sourcecode.swift; path = InterfaceBuilder.swift; sourceTree = "<group>"; };
		AD13F63C2A61AABB007F5449 /* UIView + Extension.swift */ = {isa = PBXFileReference; lastKnownFileType = sourcecode.swift; path = "UIView + Extension.swift"; sourceTree = "<group>"; };
		AD13F63E2A61AD28007F5449 /* Bindable.swift */ = {isa = PBXFileReference; lastKnownFileType = sourcecode.swift; path = Bindable.swift; sourceTree = "<group>"; };
		AD13F6412A61B337007F5449 /* SetupConstraint.swift */ = {isa = PBXFileReference; lastKnownFileType = sourcecode.swift; path = SetupConstraint.swift; sourceTree = "<group>"; };
		AD13F6432A61E4F5007F5449 /* MainTabBarViewController.swift */ = {isa = PBXFileReference; lastKnownFileType = sourcecode.swift; path = MainTabBarViewController.swift; sourceTree = "<group>"; };
		AD1EB9012A7B0D3D00B78AEA /* NavigationBarManager.swift */ = {isa = PBXFileReference; lastKnownFileType = sourcecode.swift; path = NavigationBarManager.swift; sourceTree = "<group>"; };
		AD1EB9032A7B118500B78AEA /* UsersListTableViewController.swift */ = {isa = PBXFileReference; lastKnownFileType = sourcecode.swift; path = UsersListTableViewController.swift; sourceTree = "<group>"; };
		AD2F8BED2A6F014300743601 /* UsersAPI.swift */ = {isa = PBXFileReference; lastKnownFileType = sourcecode.swift; path = UsersAPI.swift; sourceTree = "<group>"; };
		AD2F8BEF2A6F0C0400743601 /* SetupDatabase.swift */ = {isa = PBXFileReference; lastKnownFileType = sourcecode.swift; path = SetupDatabase.swift; sourceTree = "<group>"; };
		AD33F4D22A682C320028E919 /* EventsModel.swift */ = {isa = PBXFileReference; lastKnownFileType = sourcecode.swift; path = EventsModel.swift; sourceTree = "<group>"; };
		AD33F4D42A6836C60028E919 /* ChatsTableViewCell.swift */ = {isa = PBXFileReference; lastKnownFileType = sourcecode.swift; path = ChatsTableViewCell.swift; sourceTree = "<group>"; };
		AD33F4D62A6837060028E919 /* TemplateModel.swift */ = {isa = PBXFileReference; lastKnownFileType = sourcecode.swift; path = TemplateModel.swift; sourceTree = "<group>"; };
		AD33F4D92A684C880028E919 /* EventCreateViewController.swift */ = {isa = PBXFileReference; lastKnownFileType = sourcecode.swift; path = EventCreateViewController.swift; sourceTree = "<group>"; };
		AD33F4DB2A695D6A0028E919 /* NavigationBar + Extension.swift */ = {isa = PBXFileReference; lastKnownFileType = sourcecode.swift; path = "NavigationBar + Extension.swift"; sourceTree = "<group>"; };
		AD47E5AF2A62D8CD0060DD3F /* GoogleService-Info.plist */ = {isa = PBXFileReference; fileEncoding = 4; lastKnownFileType = text.plist.xml; path = "GoogleService-Info.plist"; sourceTree = "<group>"; };
		AD5C62E92A6310E20069A53F /* EventsViewController.swift */ = {isa = PBXFileReference; lastKnownFileType = sourcecode.swift; path = EventsViewController.swift; sourceTree = "<group>"; };
		AD5C62EB2A6310F00069A53F /* ChatViewController.swift */ = {isa = PBXFileReference; lastKnownFileType = sourcecode.swift; path = ChatViewController.swift; sourceTree = "<group>"; };
		AD5C62ED2A6310FA0069A53F /* TeamViewController.swift */ = {isa = PBXFileReference; lastKnownFileType = sourcecode.swift; path = TeamViewController.swift; sourceTree = "<group>"; };
		AD5C62EF2A6311060069A53F /* ProfileViewController.swift */ = {isa = PBXFileReference; lastKnownFileType = sourcecode.swift; path = ProfileViewController.swift; sourceTree = "<group>"; };
		ADACF2CB2A6186DB00550283 /* HandShakeProject.app */ = {isa = PBXFileReference; explicitFileType = wrapper.application; includeInIndex = 0; path = HandShakeProject.app; sourceTree = BUILT_PRODUCTS_DIR; };
		ADACF2CE2A6186DB00550283 /* AppDelegate.swift */ = {isa = PBXFileReference; lastKnownFileType = sourcecode.swift; path = AppDelegate.swift; sourceTree = "<group>"; };
		ADACF2D22A6186DB00550283 /* AuthorizationViewController.swift */ = {isa = PBXFileReference; lastKnownFileType = sourcecode.swift; name = AuthorizationViewController.swift; path = "../New Group/AuthorizationViewController.swift"; sourceTree = "<group>"; };
		ADACF2D72A6186DF00550283 /* Assets.xcassets */ = {isa = PBXFileReference; lastKnownFileType = folder.assetcatalog; path = Assets.xcassets; sourceTree = "<group>"; };
		ADACF2DA2A6186DF00550283 /* Base */ = {isa = PBXFileReference; lastKnownFileType = file.storyboard; name = Base; path = Base.lproj/LaunchScreen.storyboard; sourceTree = "<group>"; };
		ADACF2DC2A6186DF00550283 /* Info.plist */ = {isa = PBXFileReference; lastKnownFileType = text.plist.xml; path = Info.plist; sourceTree = "<group>"; };
		ADBFBB0A2A7009D900666533 /* PickerProfileImageView.swift */ = {isa = PBXFileReference; lastKnownFileType = sourcecode.swift; path = PickerProfileImageView.swift; sourceTree = "<group>"; };
		ADBFBB0F2A71612D00666533 /* ProfileViewModel.swift */ = {isa = PBXFileReference; lastKnownFileType = sourcecode.swift; path = ProfileViewModel.swift; sourceTree = "<group>"; };
		ADBFBB132A72894C00666533 /* ChatLogController.swift */ = {isa = PBXFileReference; lastKnownFileType = sourcecode.swift; path = ChatLogController.swift; sourceTree = "<group>"; };
		ADBFBB152A72917500666533 /* ChatAPI.swift */ = {isa = PBXFileReference; lastKnownFileType = sourcecode.swift; path = ChatAPI.swift; sourceTree = "<group>"; };
		ADBFBB172A754C6F00666533 /* ChatViewModel.swift */ = {isa = PBXFileReference; lastKnownFileType = sourcecode.swift; path = ChatViewModel.swift; sourceTree = "<group>"; };
		ADDA9CA02A6579FD0008C481 /* SceneDelegate.swift */ = {isa = PBXFileReference; lastKnownFileType = sourcecode.swift; path = SceneDelegate.swift; sourceTree = "<group>"; };
		ADDBC56C2A6589BD004CD8E6 /* Coordinator.swift */ = {isa = PBXFileReference; lastKnownFileType = sourcecode.swift; path = Coordinator.swift; sourceTree = "<group>"; };
		ADDF7F1F2A6704FA009FE3C2 /* EventTableViewCell.swift */ = {isa = PBXFileReference; lastKnownFileType = sourcecode.swift; path = EventTableViewCell.swift; sourceTree = "<group>"; };
/* End PBXFileReference section */

/* Begin PBXFrameworksBuildPhase section */
		ADACF2C82A6186DB00550283 /* Frameworks */ = {
			isa = PBXFrameworksBuildPhase;
			buildActionMask = 2147483647;
			files = (
				AD5C62E62A62DE580069A53F /* FirebaseDatabase in Frameworks */,
				ADBFBB0E2A70166100666533 /* FirebaseStorage in Frameworks */,
				AD5C62E22A62DE580069A53F /* FirebaseAnalytics in Frameworks */,
				AD5C62E42A62DE580069A53F /* FirebaseAuth in Frameworks */,
			);
			runOnlyForDeploymentPostprocessing = 0;
		};
/* End PBXFrameworksBuildPhase section */

/* Begin PBXGroup section */
		AD13F6322A61A437007F5449 /* Controller */ = {
			isa = PBXGroup;
			children = (
				ADACF2D22A6186DB00550283 /* AuthorizationViewController.swift */,
				AD13F6432A61E4F5007F5449 /* MainTabBarViewController.swift */,
				AD5C62E92A6310E20069A53F /* EventsViewController.swift */,
				AD33F4D92A684C880028E919 /* EventCreateViewController.swift */,
				AD5C62EB2A6310F00069A53F /* ChatViewController.swift */,
				AD1EB9032A7B118500B78AEA /* UsersListTableViewController.swift */,
				ADBFBB132A72894C00666533 /* ChatLogController.swift */,
				AD5C62ED2A6310FA0069A53F /* TeamViewController.swift */,
				AD5C62EF2A6311060069A53F /* ProfileViewController.swift */,
				ADBFBB0A2A7009D900666533 /* PickerProfileImageView.swift */,
			);
			path = Controller;
			sourceTree = "<group>";
		};
		AD13F6332A61A59C007F5449 /* Model */ = {
			isa = PBXGroup;
			children = (
				AD2F8BED2A6F014300743601 /* UsersAPI.swift */,
				ADBFBB152A72917500666533 /* ChatAPI.swift */,
				AD13F6352A61A5D4007F5449 /* UserModel.swift */,
				AD33F4D22A682C320028E919 /* EventsModel.swift */,
				AD33F4D62A6837060028E919 /* TemplateModel.swift */,
				AD2F8BEF2A6F0C0400743601 /* SetupDatabase.swift */,
			);
			path = Model;
			sourceTree = "<group>";
		};
		AD13F6342A61A5B3007F5449 /* ViewModel */ = {
			isa = PBXGroup;
			children = (
				AD13F6372A61A6B0007F5449 /* AuthViewModel.swift */,
				ADBFBB0F2A71612D00666533 /* ProfileViewModel.swift */,
				ADBFBB172A754C6F00666533 /* ChatViewModel.swift */,
				AD1EB9012A7B0D3D00B78AEA /* NavigationBarManager.swift */,
				AD13F6402A61AD2D007F5449 /* Bindable */,
			);
			path = ViewModel;
			sourceTree = "<group>";
		};
		AD13F6392A61A83E007F5449 /* Interface Builder */ = {
			isa = PBXGroup;
			children = (
				AD33F4D82A6849960028E919 /* TableViewCell */,
				AD13F63A2A61A85F007F5449 /* InterfaceBuilder.swift */,
				AD13F6412A61B337007F5449 /* SetupConstraint.swift */,
				AD13F63C2A61AABB007F5449 /* UIView + Extension.swift */,
				AD33F4DB2A695D6A0028E919 /* NavigationBar + Extension.swift */,
			);
			path = "Interface Builder";
			sourceTree = "<group>";
		};
		AD13F6402A61AD2D007F5449 /* Bindable */ = {
			isa = PBXGroup;
			children = (
				AD13F63E2A61AD28007F5449 /* Bindable.swift */,
			);
			path = Bindable;
			sourceTree = "<group>";
		};
		AD33F4D82A6849960028E919 /* TableViewCell */ = {
			isa = PBXGroup;
			children = (
				ADDF7F1F2A6704FA009FE3C2 /* EventTableViewCell.swift */,
				AD33F4D42A6836C60028E919 /* ChatsTableViewCell.swift */,
			);
			path = TableViewCell;
			sourceTree = "<group>";
		};
		ADACF2C22A6186DB00550283 = {
			isa = PBXGroup;
			children = (
				ADACF2CD2A6186DB00550283 /* HandShakeProject */,
				ADACF2CC2A6186DB00550283 /* Products */,
				ADBFBB0C2A70166100666533 /* Frameworks */,
			);
			sourceTree = "<group>";
		};
		ADACF2CC2A6186DB00550283 /* Products */ = {
			isa = PBXGroup;
			children = (
				ADACF2CB2A6186DB00550283 /* HandShakeProject.app */,
			);
			name = Products;
			sourceTree = "<group>";
		};
		ADACF2CD2A6186DB00550283 /* HandShakeProject */ = {
			isa = PBXGroup;
			children = (
				ADACF2CE2A6186DB00550283 /* AppDelegate.swift */,
				ADDA9CA02A6579FD0008C481 /* SceneDelegate.swift */,
				ADDBC56C2A6589BD004CD8E6 /* Coordinator.swift */,
				AD13F6332A61A59C007F5449 /* Model */,
				AD13F6342A61A5B3007F5449 /* ViewModel */,
				AD13F6322A61A437007F5449 /* Controller */,
				AD13F6392A61A83E007F5449 /* Interface Builder */,
				ADACF2D72A6186DF00550283 /* Assets.xcassets */,
				ADACF2D92A6186DF00550283 /* LaunchScreen.storyboard */,
				AD47E5AF2A62D8CD0060DD3F /* GoogleService-Info.plist */,
				ADACF2DC2A6186DF00550283 /* Info.plist */,
			);
			path = HandShakeProject;
			sourceTree = "<group>";
		};
		ADBFBB0C2A70166100666533 /* Frameworks */ = {
			isa = PBXGroup;
			children = (
			);
			name = Frameworks;
			sourceTree = "<group>";
		};
/* End PBXGroup section */

/* Begin PBXNativeTarget section */
		ADACF2CA2A6186DB00550283 /* HandShakeProject */ = {
			isa = PBXNativeTarget;
			buildConfigurationList = ADACF2DF2A6186DF00550283 /* Build configuration list for PBXNativeTarget "HandShakeProject" */;
			buildPhases = (
				ADACF2C72A6186DB00550283 /* Sources */,
				ADACF2C82A6186DB00550283 /* Frameworks */,
				ADACF2C92A6186DB00550283 /* Resources */,
			);
			buildRules = (
			);
			dependencies = (
			);
			name = HandShakeProject;
			packageProductDependencies = (
				AD5C62E12A62DE580069A53F /* FirebaseAnalytics */,
				AD5C62E32A62DE580069A53F /* FirebaseAuth */,
				AD5C62E52A62DE580069A53F /* FirebaseDatabase */,
				ADBFBB0D2A70166100666533 /* FirebaseStorage */,
			);
			productName = HandShakeProject;
			productReference = ADACF2CB2A6186DB00550283 /* HandShakeProject.app */;
			productType = "com.apple.product-type.application";
		};
/* End PBXNativeTarget section */

/* Begin PBXProject section */
		ADACF2C32A6186DB00550283 /* Project object */ = {
			isa = PBXProject;
			attributes = {
				BuildIndependentTargetsInParallel = 1;
				LastSwiftUpdateCheck = 1430;
				LastUpgradeCheck = 1430;
				TargetAttributes = {
					ADACF2CA2A6186DB00550283 = {
						CreatedOnToolsVersion = 14.3;
					};
				};
			};
			buildConfigurationList = ADACF2C62A6186DB00550283 /* Build configuration list for PBXProject "HandShakeProject" */;
			compatibilityVersion = "Xcode 14.0";
			developmentRegion = en;
			hasScannedForEncodings = 0;
			knownRegions = (
				en,
				Base,
			);
			mainGroup = ADACF2C22A6186DB00550283;
			packageReferences = (
				AD5C62E02A62DE580069A53F /* XCRemoteSwiftPackageReference "firebase-ios-sdk" */,
			);
			productRefGroup = ADACF2CC2A6186DB00550283 /* Products */;
			projectDirPath = "";
			projectRoot = "";
			targets = (
				ADACF2CA2A6186DB00550283 /* HandShakeProject */,
			);
		};
/* End PBXProject section */

/* Begin PBXResourcesBuildPhase section */
		ADACF2C92A6186DB00550283 /* Resources */ = {
			isa = PBXResourcesBuildPhase;
			buildActionMask = 2147483647;
			files = (
				ADACF2DB2A6186DF00550283 /* LaunchScreen.storyboard in Resources */,
				AD47E5B02A62D8CD0060DD3F /* GoogleService-Info.plist in Resources */,
				ADACF2D82A6186DF00550283 /* Assets.xcassets in Resources */,
			);
			runOnlyForDeploymentPostprocessing = 0;
		};
/* End PBXResourcesBuildPhase section */

/* Begin PBXSourcesBuildPhase section */
		ADACF2C72A6186DB00550283 /* Sources */ = {
			isa = PBXSourcesBuildPhase;
			buildActionMask = 2147483647;
			files = (
				ADDBC56D2A6589BD004CD8E6 /* Coordinator.swift in Sources */,
				AD13F6382A61A6B0007F5449 /* AuthViewModel.swift in Sources */,
				AD13F63B2A61A85F007F5449 /* InterfaceBuilder.swift in Sources */,
				AD33F4DA2A684C880028E919 /* EventCreateViewController.swift in Sources */,
				AD33F4D32A682C320028E919 /* EventsModel.swift in Sources */,
				ADDF7F202A6704FA009FE3C2 /* EventTableViewCell.swift in Sources */,
				AD13F6422A61B337007F5449 /* SetupConstraint.swift in Sources */,
				AD5C62EE2A6310FA0069A53F /* TeamViewController.swift in Sources */,
				ADDA9CA12A6579FD0008C481 /* SceneDelegate.swift in Sources */,
				AD13F63F2A61AD28007F5449 /* Bindable.swift in Sources */,
				AD5C62F02A6311060069A53F /* ProfileViewController.swift in Sources */,
				AD2F8BEE2A6F014300743601 /* UsersAPI.swift in Sources */,
				ADACF2D32A6186DB00550283 /* AuthorizationViewController.swift in Sources */,
				AD13F6362A61A5D4007F5449 /* UserModel.swift in Sources */,
				ADBFBB102A71612D00666533 /* ProfileViewModel.swift in Sources */,
				AD5C62EA2A6310E30069A53F /* EventsViewController.swift in Sources */,
				AD1EB9042A7B118500B78AEA /* UsersListTableViewController.swift in Sources */,
				AD2F8BF02A6F0C0500743601 /* SetupDatabase.swift in Sources */,
				AD33F4D72A6837060028E919 /* TemplateModel.swift in Sources */,
				AD1EB9022A7B0D3D00B78AEA /* NavigationBarManager.swift in Sources */,
				AD33F4D52A6836C60028E919 /* ChatsTableViewCell.swift in Sources */,
				AD13F63D2A61AABB007F5449 /* UIView + Extension.swift in Sources */,
				ADACF2CF2A6186DB00550283 /* AppDelegate.swift in Sources */,
				AD5C62EC2A6310F00069A53F /* ChatViewController.swift in Sources */,
				ADBFBB182A754C6F00666533 /* ChatViewModel.swift in Sources */,
				ADBFBB162A72917500666533 /* ChatAPI.swift in Sources */,
				ADBFBB0B2A7009D900666533 /* PickerProfileImageView.swift in Sources */,
				AD13F6442A61E4F5007F5449 /* MainTabBarViewController.swift in Sources */,
				ADBFBB142A72894C00666533 /* ChatLogController.swift in Sources */,
				AD33F4DC2A695D6A0028E919 /* NavigationBar + Extension.swift in Sources */,
			);
			runOnlyForDeploymentPostprocessing = 0;
		};
/* End PBXSourcesBuildPhase section */

/* Begin PBXVariantGroup section */
		ADACF2D92A6186DF00550283 /* LaunchScreen.storyboard */ = {
			isa = PBXVariantGroup;
			children = (
				ADACF2DA2A6186DF00550283 /* Base */,
			);
			name = LaunchScreen.storyboard;
			sourceTree = "<group>";
		};
/* End PBXVariantGroup section */

/* Begin XCBuildConfiguration section */
		ADACF2DD2A6186DF00550283 /* Debug */ = {
			isa = XCBuildConfiguration;
			buildSettings = {
				ALWAYS_SEARCH_USER_PATHS = NO;
				CLANG_ANALYZER_NONNULL = YES;
				CLANG_ANALYZER_NUMBER_OBJECT_CONVERSION = YES_AGGRESSIVE;
				CLANG_CXX_LANGUAGE_STANDARD = "gnu++20";
				CLANG_ENABLE_MODULES = YES;
				CLANG_ENABLE_OBJC_ARC = YES;
				CLANG_ENABLE_OBJC_WEAK = YES;
				CLANG_WARN_BLOCK_CAPTURE_AUTORELEASING = YES;
				CLANG_WARN_BOOL_CONVERSION = YES;
				CLANG_WARN_COMMA = YES;
				CLANG_WARN_CONSTANT_CONVERSION = YES;
				CLANG_WARN_DEPRECATED_OBJC_IMPLEMENTATIONS = YES;
				CLANG_WARN_DIRECT_OBJC_ISA_USAGE = YES_ERROR;
				CLANG_WARN_DOCUMENTATION_COMMENTS = YES;
				CLANG_WARN_EMPTY_BODY = YES;
				CLANG_WARN_ENUM_CONVERSION = YES;
				CLANG_WARN_INFINITE_RECURSION = YES;
				CLANG_WARN_INT_CONVERSION = YES;
				CLANG_WARN_NON_LITERAL_NULL_CONVERSION = YES;
				CLANG_WARN_OBJC_IMPLICIT_RETAIN_SELF = YES;
				CLANG_WARN_OBJC_LITERAL_CONVERSION = YES;
				CLANG_WARN_OBJC_ROOT_CLASS = YES_ERROR;
				CLANG_WARN_QUOTED_INCLUDE_IN_FRAMEWORK_HEADER = YES;
				CLANG_WARN_RANGE_LOOP_ANALYSIS = YES;
				CLANG_WARN_STRICT_PROTOTYPES = YES;
				CLANG_WARN_SUSPICIOUS_MOVE = YES;
				CLANG_WARN_UNGUARDED_AVAILABILITY = YES_AGGRESSIVE;
				CLANG_WARN_UNREACHABLE_CODE = YES;
				CLANG_WARN__DUPLICATE_METHOD_MATCH = YES;
				COPY_PHASE_STRIP = NO;
				DEBUG_INFORMATION_FORMAT = dwarf;
				ENABLE_STRICT_OBJC_MSGSEND = YES;
				ENABLE_TESTABILITY = YES;
				GCC_C_LANGUAGE_STANDARD = gnu11;
				GCC_DYNAMIC_NO_PIC = NO;
				GCC_NO_COMMON_BLOCKS = YES;
				GCC_OPTIMIZATION_LEVEL = 0;
				GCC_PREPROCESSOR_DEFINITIONS = (
					"DEBUG=1",
					"$(inherited)",
				);
				GCC_WARN_64_TO_32_BIT_CONVERSION = YES;
				GCC_WARN_ABOUT_RETURN_TYPE = YES_ERROR;
				GCC_WARN_UNDECLARED_SELECTOR = YES;
				GCC_WARN_UNINITIALIZED_AUTOS = YES_AGGRESSIVE;
				GCC_WARN_UNUSED_FUNCTION = YES;
				GCC_WARN_UNUSED_VARIABLE = YES;
				IPHONEOS_DEPLOYMENT_TARGET = 16.4;
				MTL_ENABLE_DEBUG_INFO = INCLUDE_SOURCE;
				MTL_FAST_MATH = YES;
				ONLY_ACTIVE_ARCH = YES;
				SDKROOT = iphoneos;
				SWIFT_ACTIVE_COMPILATION_CONDITIONS = DEBUG;
				SWIFT_OPTIMIZATION_LEVEL = "-Onone";
			};
			name = Debug;
		};
		ADACF2DE2A6186DF00550283 /* Release */ = {
			isa = XCBuildConfiguration;
			buildSettings = {
				ALWAYS_SEARCH_USER_PATHS = NO;
				CLANG_ANALYZER_NONNULL = YES;
				CLANG_ANALYZER_NUMBER_OBJECT_CONVERSION = YES_AGGRESSIVE;
				CLANG_CXX_LANGUAGE_STANDARD = "gnu++20";
				CLANG_ENABLE_MODULES = YES;
				CLANG_ENABLE_OBJC_ARC = YES;
				CLANG_ENABLE_OBJC_WEAK = YES;
				CLANG_WARN_BLOCK_CAPTURE_AUTORELEASING = YES;
				CLANG_WARN_BOOL_CONVERSION = YES;
				CLANG_WARN_COMMA = YES;
				CLANG_WARN_CONSTANT_CONVERSION = YES;
				CLANG_WARN_DEPRECATED_OBJC_IMPLEMENTATIONS = YES;
				CLANG_WARN_DIRECT_OBJC_ISA_USAGE = YES_ERROR;
				CLANG_WARN_DOCUMENTATION_COMMENTS = YES;
				CLANG_WARN_EMPTY_BODY = YES;
				CLANG_WARN_ENUM_CONVERSION = YES;
				CLANG_WARN_INFINITE_RECURSION = YES;
				CLANG_WARN_INT_CONVERSION = YES;
				CLANG_WARN_NON_LITERAL_NULL_CONVERSION = YES;
				CLANG_WARN_OBJC_IMPLICIT_RETAIN_SELF = YES;
				CLANG_WARN_OBJC_LITERAL_CONVERSION = YES;
				CLANG_WARN_OBJC_ROOT_CLASS = YES_ERROR;
				CLANG_WARN_QUOTED_INCLUDE_IN_FRAMEWORK_HEADER = YES;
				CLANG_WARN_RANGE_LOOP_ANALYSIS = YES;
				CLANG_WARN_STRICT_PROTOTYPES = YES;
				CLANG_WARN_SUSPICIOUS_MOVE = YES;
				CLANG_WARN_UNGUARDED_AVAILABILITY = YES_AGGRESSIVE;
				CLANG_WARN_UNREACHABLE_CODE = YES;
				CLANG_WARN__DUPLICATE_METHOD_MATCH = YES;
				COPY_PHASE_STRIP = NO;
				DEBUG_INFORMATION_FORMAT = "dwarf-with-dsym";
				ENABLE_NS_ASSERTIONS = NO;
				ENABLE_STRICT_OBJC_MSGSEND = YES;
				GCC_C_LANGUAGE_STANDARD = gnu11;
				GCC_NO_COMMON_BLOCKS = YES;
				GCC_WARN_64_TO_32_BIT_CONVERSION = YES;
				GCC_WARN_ABOUT_RETURN_TYPE = YES_ERROR;
				GCC_WARN_UNDECLARED_SELECTOR = YES;
				GCC_WARN_UNINITIALIZED_AUTOS = YES_AGGRESSIVE;
				GCC_WARN_UNUSED_FUNCTION = YES;
				GCC_WARN_UNUSED_VARIABLE = YES;
				IPHONEOS_DEPLOYMENT_TARGET = 16.4;
				MTL_ENABLE_DEBUG_INFO = NO;
				MTL_FAST_MATH = YES;
				SDKROOT = iphoneos;
				SWIFT_COMPILATION_MODE = wholemodule;
				SWIFT_OPTIMIZATION_LEVEL = "-O";
				VALIDATE_PRODUCT = YES;
			};
			name = Release;
		};
		ADACF2E02A6186DF00550283 /* Debug */ = {
			isa = XCBuildConfiguration;
			buildSettings = {
				ASSETCATALOG_COMPILER_APPICON_NAME = AppIcon;
				ASSETCATALOG_COMPILER_GLOBAL_ACCENT_COLOR_NAME = AccentColor;
				CODE_SIGN_IDENTITY = "Apple Development";
				CODE_SIGN_STYLE = Automatic;
				CURRENT_PROJECT_VERSION = 1;
				DEVELOPMENT_TEAM = BRUHN3JJ9Z;
				GENERATE_INFOPLIST_FILE = YES;
				INFOPLIST_FILE = HandShakeProject/Info.plist;
				INFOPLIST_KEY_UIApplicationSupportsIndirectInputEvents = YES;
				INFOPLIST_KEY_UILaunchStoryboardName = LaunchScreen;
				INFOPLIST_KEY_UISupportedInterfaceOrientations_iPad = "UIInterfaceOrientationPortrait UIInterfaceOrientationPortraitUpsideDown UIInterfaceOrientationLandscapeLeft UIInterfaceOrientationLandscapeRight";
				INFOPLIST_KEY_UISupportedInterfaceOrientations_iPhone = "UIInterfaceOrientationPortrait UIInterfaceOrientationLandscapeLeft UIInterfaceOrientationLandscapeRight";
				IPHONEOS_DEPLOYMENT_TARGET = 16.4;
				LD_RUNPATH_SEARCH_PATHS = (
					"$(inherited)",
					"@executable_path/Frameworks",
				);
				MARKETING_VERSION = 1.0;
				PRODUCT_BUNDLE_IDENTIFIER = com.HandShakeProject;
				PRODUCT_NAME = "$(TARGET_NAME)";
				PROVISIONING_PROFILE_SPECIFIER = "";
				SWIFT_EMIT_LOC_STRINGS = YES;
				SWIFT_VERSION = 5.0;
				TARGETED_DEVICE_FAMILY = "1,2";
			};
			name = Debug;
		};
		ADACF2E12A6186DF00550283 /* Release */ = {
			isa = XCBuildConfiguration;
			buildSettings = {
				ASSETCATALOG_COMPILER_APPICON_NAME = AppIcon;
				ASSETCATALOG_COMPILER_GLOBAL_ACCENT_COLOR_NAME = AccentColor;
				CODE_SIGN_IDENTITY = "Apple Development";
				CODE_SIGN_STYLE = Automatic;
				CURRENT_PROJECT_VERSION = 1;
				DEVELOPMENT_TEAM = BRUHN3JJ9Z;
				GENERATE_INFOPLIST_FILE = YES;
				INFOPLIST_FILE = HandShakeProject/Info.plist;
				INFOPLIST_KEY_UIApplicationSupportsIndirectInputEvents = YES;
				INFOPLIST_KEY_UILaunchStoryboardName = LaunchScreen;
				INFOPLIST_KEY_UISupportedInterfaceOrientations_iPad = "UIInterfaceOrientationPortrait UIInterfaceOrientationPortraitUpsideDown UIInterfaceOrientationLandscapeLeft UIInterfaceOrientationLandscapeRight";
				INFOPLIST_KEY_UISupportedInterfaceOrientations_iPhone = "UIInterfaceOrientationPortrait UIInterfaceOrientationLandscapeLeft UIInterfaceOrientationLandscapeRight";
				IPHONEOS_DEPLOYMENT_TARGET = 16.4;
				LD_RUNPATH_SEARCH_PATHS = (
					"$(inherited)",
					"@executable_path/Frameworks",
				);
				MARKETING_VERSION = 1.0;
				PRODUCT_BUNDLE_IDENTIFIER = com.HandShakeProject;
				PRODUCT_NAME = "$(TARGET_NAME)";
				PROVISIONING_PROFILE_SPECIFIER = "";
				SWIFT_EMIT_LOC_STRINGS = YES;
				SWIFT_VERSION = 5.0;
				TARGETED_DEVICE_FAMILY = "1,2";
			};
			name = Release;
		};
/* End XCBuildConfiguration section */

/* Begin XCConfigurationList section */
		ADACF2C62A6186DB00550283 /* Build configuration list for PBXProject "HandShakeProject" */ = {
			isa = XCConfigurationList;
			buildConfigurations = (
				ADACF2DD2A6186DF00550283 /* Debug */,
				ADACF2DE2A6186DF00550283 /* Release */,
			);
			defaultConfigurationIsVisible = 0;
			defaultConfigurationName = Release;
		};
		ADACF2DF2A6186DF00550283 /* Build configuration list for PBXNativeTarget "HandShakeProject" */ = {
			isa = XCConfigurationList;
			buildConfigurations = (
				ADACF2E02A6186DF00550283 /* Debug */,
				ADACF2E12A6186DF00550283 /* Release */,
			);
			defaultConfigurationIsVisible = 0;
			defaultConfigurationName = Release;
		};
/* End XCConfigurationList section */

/* Begin XCRemoteSwiftPackageReference section */
		AD5C62E02A62DE580069A53F /* XCRemoteSwiftPackageReference "firebase-ios-sdk" */ = {
			isa = XCRemoteSwiftPackageReference;
			repositoryURL = "https://github.com/firebase/firebase-ios-sdk";
			requirement = {
				kind = upToNextMajorVersion;
				minimumVersion = 10.0.0;
			};
		};
/* End XCRemoteSwiftPackageReference section */

/* Begin XCSwiftPackageProductDependency section */
		AD5C62E12A62DE580069A53F /* FirebaseAnalytics */ = {
			isa = XCSwiftPackageProductDependency;
			package = AD5C62E02A62DE580069A53F /* XCRemoteSwiftPackageReference "firebase-ios-sdk" */;
			productName = FirebaseAnalytics;
		};
		AD5C62E32A62DE580069A53F /* FirebaseAuth */ = {
			isa = XCSwiftPackageProductDependency;
			package = AD5C62E02A62DE580069A53F /* XCRemoteSwiftPackageReference "firebase-ios-sdk" */;
			productName = FirebaseAuth;
		};
		AD5C62E52A62DE580069A53F /* FirebaseDatabase */ = {
			isa = XCSwiftPackageProductDependency;
			package = AD5C62E02A62DE580069A53F /* XCRemoteSwiftPackageReference "firebase-ios-sdk" */;
			productName = FirebaseDatabase;
		};
		ADBFBB0D2A70166100666533 /* FirebaseStorage */ = {
			isa = XCSwiftPackageProductDependency;
			package = AD5C62E02A62DE580069A53F /* XCRemoteSwiftPackageReference "firebase-ios-sdk" */;
			productName = FirebaseStorage;
		};
/* End XCSwiftPackageProductDependency section */
	};
	rootObject = ADACF2C32A6186DB00550283 /* Project object */;
}
