// !$*UTF8*$!
{
	archiveVersion = 1;
	classes = {
	};
	objectVersion = 56;
	objects = {

/* Begin PBXBuildFile section */
		AD13F6312A61A22F007F5449 /* GoogleService-Info.plist in Resources */ = {isa = PBXBuildFile; fileRef = AD13F6302A61A22F007F5449 /* GoogleService-Info.plist */; };
		AD13F6362A61A5D4007F5449 /* AuthModel.swift in Sources */ = {isa = PBXBuildFile; fileRef = AD13F6352A61A5D4007F5449 /* AuthModel.swift */; };
		AD13F6382A61A6B0007F5449 /* AuthViewModel.swift in Sources */ = {isa = PBXBuildFile; fileRef = AD13F6372A61A6B0007F5449 /* AuthViewModel.swift */; };
		AD13F63B2A61A85F007F5449 /* InterfaceBuilder.swift in Sources */ = {isa = PBXBuildFile; fileRef = AD13F63A2A61A85F007F5449 /* InterfaceBuilder.swift */; };
		AD13F63D2A61AABB007F5449 /* UIView + Extension.swift in Sources */ = {isa = PBXBuildFile; fileRef = AD13F63C2A61AABB007F5449 /* UIView + Extension.swift */; };
		AD13F63F2A61AD28007F5449 /* Bindable.swift in Sources */ = {isa = PBXBuildFile; fileRef = AD13F63E2A61AD28007F5449 /* Bindable.swift */; };
		AD13F6422A61B337007F5449 /* SetupConstraint.swift in Sources */ = {isa = PBXBuildFile; fileRef = AD13F6412A61B337007F5449 /* SetupConstraint.swift */; };
		ADACF2CF2A6186DB00550283 /* AppDelegate.swift in Sources */ = {isa = PBXBuildFile; fileRef = ADACF2CE2A6186DB00550283 /* AppDelegate.swift */; };
		ADACF2D12A6186DB00550283 /* SceneDelegate.swift in Sources */ = {isa = PBXBuildFile; fileRef = ADACF2D02A6186DB00550283 /* SceneDelegate.swift */; };
		ADACF2D32A6186DB00550283 /* AuthorizationViewController.swift in Sources */ = {isa = PBXBuildFile; fileRef = ADACF2D22A6186DB00550283 /* AuthorizationViewController.swift */; };
		ADACF2D62A6186DB00550283 /* Main.storyboard in Resources */ = {isa = PBXBuildFile; fileRef = ADACF2D42A6186DB00550283 /* Main.storyboard */; };
		ADACF2D82A6186DF00550283 /* Assets.xcassets in Resources */ = {isa = PBXBuildFile; fileRef = ADACF2D72A6186DF00550283 /* Assets.xcassets */; };
		ADACF2DB2A6186DF00550283 /* LaunchScreen.storyboard in Resources */ = {isa = PBXBuildFile; fileRef = ADACF2D92A6186DF00550283 /* LaunchScreen.storyboard */; };
		FA8D4A313AC1996C98ED16F2 /* Pods_HandShakeProject.framework in Frameworks */ = {isa = PBXBuildFile; fileRef = 9FA69CABCA366840C0FFBABA /* Pods_HandShakeProject.framework */; };
/* End PBXBuildFile section */

/* Begin PBXFileReference section */
		5DED29EF21E010BBC150038D /* Pods-HandShakeProject.release.xcconfig */ = {isa = PBXFileReference; includeInIndex = 1; lastKnownFileType = text.xcconfig; name = "Pods-HandShakeProject.release.xcconfig"; path = "Target Support Files/Pods-HandShakeProject/Pods-HandShakeProject.release.xcconfig"; sourceTree = "<group>"; };
		9FA69CABCA366840C0FFBABA /* Pods_HandShakeProject.framework */ = {isa = PBXFileReference; explicitFileType = wrapper.framework; includeInIndex = 0; path = Pods_HandShakeProject.framework; sourceTree = BUILT_PRODUCTS_DIR; };
		AD13F6302A61A22F007F5449 /* GoogleService-Info.plist */ = {isa = PBXFileReference; fileEncoding = 4; lastKnownFileType = text.plist.xml; path = "GoogleService-Info.plist"; sourceTree = "<group>"; };
		AD13F6352A61A5D4007F5449 /* AuthModel.swift */ = {isa = PBXFileReference; lastKnownFileType = sourcecode.swift; path = AuthModel.swift; sourceTree = "<group>"; };
		AD13F6372A61A6B0007F5449 /* AuthViewModel.swift */ = {isa = PBXFileReference; lastKnownFileType = sourcecode.swift; path = AuthViewModel.swift; sourceTree = "<group>"; };
		AD13F63A2A61A85F007F5449 /* InterfaceBuilder.swift */ = {isa = PBXFileReference; lastKnownFileType = sourcecode.swift; path = InterfaceBuilder.swift; sourceTree = "<group>"; };
		AD13F63C2A61AABB007F5449 /* UIView + Extension.swift */ = {isa = PBXFileReference; lastKnownFileType = sourcecode.swift; path = "UIView + Extension.swift"; sourceTree = "<group>"; };
		AD13F63E2A61AD28007F5449 /* Bindable.swift */ = {isa = PBXFileReference; lastKnownFileType = sourcecode.swift; path = Bindable.swift; sourceTree = "<group>"; };
		AD13F6412A61B337007F5449 /* SetupConstraint.swift */ = {isa = PBXFileReference; lastKnownFileType = sourcecode.swift; path = SetupConstraint.swift; sourceTree = "<group>"; };
		ADACF2CB2A6186DB00550283 /* HandShakeProject.app */ = {isa = PBXFileReference; explicitFileType = wrapper.application; includeInIndex = 0; path = HandShakeProject.app; sourceTree = BUILT_PRODUCTS_DIR; };
		ADACF2CE2A6186DB00550283 /* AppDelegate.swift */ = {isa = PBXFileReference; lastKnownFileType = sourcecode.swift; path = AppDelegate.swift; sourceTree = "<group>"; };
		ADACF2D02A6186DB00550283 /* SceneDelegate.swift */ = {isa = PBXFileReference; lastKnownFileType = sourcecode.swift; path = SceneDelegate.swift; sourceTree = "<group>"; };
		ADACF2D22A6186DB00550283 /* AuthorizationViewController.swift */ = {isa = PBXFileReference; lastKnownFileType = sourcecode.swift; name = AuthorizationViewController.swift; path = "../New Group/AuthorizationViewController.swift"; sourceTree = "<group>"; };
		ADACF2D52A6186DB00550283 /* Base */ = {isa = PBXFileReference; lastKnownFileType = file.storyboard; name = Base; path = Base.lproj/Main.storyboard; sourceTree = "<group>"; };
		ADACF2D72A6186DF00550283 /* Assets.xcassets */ = {isa = PBXFileReference; lastKnownFileType = folder.assetcatalog; path = Assets.xcassets; sourceTree = "<group>"; };
		ADACF2DA2A6186DF00550283 /* Base */ = {isa = PBXFileReference; lastKnownFileType = file.storyboard; name = Base; path = Base.lproj/LaunchScreen.storyboard; sourceTree = "<group>"; };
		ADACF2DC2A6186DF00550283 /* Info.plist */ = {isa = PBXFileReference; lastKnownFileType = text.plist.xml; path = Info.plist; sourceTree = "<group>"; };
		F750C46B0757A8FD8322E091 /* Pods-HandShakeProject.debug.xcconfig */ = {isa = PBXFileReference; includeInIndex = 1; lastKnownFileType = text.xcconfig; name = "Pods-HandShakeProject.debug.xcconfig"; path = "Target Support Files/Pods-HandShakeProject/Pods-HandShakeProject.debug.xcconfig"; sourceTree = "<group>"; };
/* End PBXFileReference section */

/* Begin PBXFrameworksBuildPhase section */
		ADACF2C82A6186DB00550283 /* Frameworks */ = {
			isa = PBXFrameworksBuildPhase;
			buildActionMask = 2147483647;
			files = (
				FA8D4A313AC1996C98ED16F2 /* Pods_HandShakeProject.framework in Frameworks */,
			);
			runOnlyForDeploymentPostprocessing = 0;
		};
/* End PBXFrameworksBuildPhase section */

/* Begin PBXGroup section */
		269DB71382C29A182173D438 /* Pods */ = {
			isa = PBXGroup;
			children = (
				F750C46B0757A8FD8322E091 /* Pods-HandShakeProject.debug.xcconfig */,
				5DED29EF21E010BBC150038D /* Pods-HandShakeProject.release.xcconfig */,
			);
			path = Pods;
			sourceTree = "<group>";
		};
		AD13F6322A61A437007F5449 /* Controller */ = {
			isa = PBXGroup;
			children = (
				ADACF2D22A6186DB00550283 /* AuthorizationViewController.swift */,
			);
			path = Controller;
			sourceTree = "<group>";
		};
		AD13F6332A61A59C007F5449 /* Model */ = {
			isa = PBXGroup;
			children = (
				AD13F6352A61A5D4007F5449 /* AuthModel.swift */,
			);
			path = Model;
			sourceTree = "<group>";
		};
		AD13F6342A61A5B3007F5449 /* ViewModel */ = {
			isa = PBXGroup;
			children = (
				AD13F6372A61A6B0007F5449 /* AuthViewModel.swift */,
				AD13F6402A61AD2D007F5449 /* Bindable */,
			);
			path = ViewModel;
			sourceTree = "<group>";
		};
		AD13F6392A61A83E007F5449 /* Interface Builder */ = {
			isa = PBXGroup;
			children = (
				AD13F63A2A61A85F007F5449 /* InterfaceBuilder.swift */,
				AD13F6412A61B337007F5449 /* SetupConstraint.swift */,
				AD13F63C2A61AABB007F5449 /* UIView + Extension.swift */,
			);
			path = "Interface Builder";
			sourceTree = "<group>";
		};
		AD13F6402A61AD2D007F5449 /* Bindable */ = {
			isa = PBXGroup;
			children = (
				AD13F63E2A61AD28007F5449 /* Bindable.swift */,
			);
			path = Bindable;
			sourceTree = "<group>";
		};
		ADACF2C22A6186DB00550283 = {
			isa = PBXGroup;
			children = (
				ADACF2CD2A6186DB00550283 /* HandShakeProject */,
				ADACF2CC2A6186DB00550283 /* Products */,
				269DB71382C29A182173D438 /* Pods */,
				AFF263D15E2BE7C054F3D8F0 /* Frameworks */,
			);
			sourceTree = "<group>";
		};
		ADACF2CC2A6186DB00550283 /* Products */ = {
			isa = PBXGroup;
			children = (
				ADACF2CB2A6186DB00550283 /* HandShakeProject.app */,
			);
			name = Products;
			sourceTree = "<group>";
		};
		ADACF2CD2A6186DB00550283 /* HandShakeProject */ = {
			isa = PBXGroup;
			children = (
				ADACF2CE2A6186DB00550283 /* AppDelegate.swift */,
				ADACF2D02A6186DB00550283 /* SceneDelegate.swift */,
				AD13F6332A61A59C007F5449 /* Model */,
				AD13F6342A61A5B3007F5449 /* ViewModel */,
				AD13F6322A61A437007F5449 /* Controller */,
				AD13F6392A61A83E007F5449 /* Interface Builder */,
				ADACF2D42A6186DB00550283 /* Main.storyboard */,
				ADACF2D72A6186DF00550283 /* Assets.xcassets */,
				ADACF2D92A6186DF00550283 /* LaunchScreen.storyboard */,
				ADACF2DC2A6186DF00550283 /* Info.plist */,
				AD13F6302A61A22F007F5449 /* GoogleService-Info.plist */,
			);
			path = HandShakeProject;
			sourceTree = "<group>";
		};
		AFF263D15E2BE7C054F3D8F0 /* Frameworks */ = {
			isa = PBXGroup;
			children = (
				9FA69CABCA366840C0FFBABA /* Pods_HandShakeProject.framework */,
			);
			name = Frameworks;
			sourceTree = "<group>";
		};
/* End PBXGroup section */

/* Begin PBXNativeTarget section */
		ADACF2CA2A6186DB00550283 /* HandShakeProject */ = {
			isa = PBXNativeTarget;
			buildConfigurationList = ADACF2DF2A6186DF00550283 /* Build configuration list for PBXNativeTarget "HandShakeProject" */;
			buildPhases = (
				A9FAFBBBDC1672207109A7B4 /* [CP] Check Pods Manifest.lock */,
				ADACF2C72A6186DB00550283 /* Sources */,
				ADACF2C82A6186DB00550283 /* Frameworks */,
				ADACF2C92A6186DB00550283 /* Resources */,
				CBCF92B0C9D61F3A87EFC701 /* [CP] Embed Pods Frameworks */,
			);
			buildRules = (
			);
			dependencies = (
			);
			name = HandShakeProject;
			productName = HandShakeProject;
			productReference = ADACF2CB2A6186DB00550283 /* HandShakeProject.app */;
			productType = "com.apple.product-type.application";
		};
/* End PBXNativeTarget section */

/* Begin PBXProject section */
		ADACF2C32A6186DB00550283 /* Project object */ = {
			isa = PBXProject;
			attributes = {
				BuildIndependentTargetsInParallel = 1;
				LastSwiftUpdateCheck = 1430;
				LastUpgradeCheck = 1430;
				TargetAttributes = {
					ADACF2CA2A6186DB00550283 = {
						CreatedOnToolsVersion = 14.3;
					};
				};
			};
			buildConfigurationList = ADACF2C62A6186DB00550283 /* Build configuration list for PBXProject "HandShakeProject" */;
			compatibilityVersion = "Xcode 14.0";
			developmentRegion = en;
			hasScannedForEncodings = 0;
			knownRegions = (
				en,
				Base,
			);
			mainGroup = ADACF2C22A6186DB00550283;
			productRefGroup = ADACF2CC2A6186DB00550283 /* Products */;
			projectDirPath = "";
			projectRoot = "";
			targets = (
				ADACF2CA2A6186DB00550283 /* HandShakeProject */,
			);
		};
/* End PBXProject section */

/* Begin PBXResourcesBuildPhase section */
		ADACF2C92A6186DB00550283 /* Resources */ = {
			isa = PBXResourcesBuildPhase;
			buildActionMask = 2147483647;
			files = (
				ADACF2DB2A6186DF00550283 /* LaunchScreen.storyboard in Resources */,
				AD13F6312A61A22F007F5449 /* GoogleService-Info.plist in Resources */,
				ADACF2D82A6186DF00550283 /* Assets.xcassets in Resources */,
				ADACF2D62A6186DB00550283 /* Main.storyboard in Resources */,
			);
			runOnlyForDeploymentPostprocessing = 0;
		};
/* End PBXResourcesBuildPhase section */

/* Begin PBXShellScriptBuildPhase section */
		A9FAFBBBDC1672207109A7B4 /* [CP] Check Pods Manifest.lock */ = {
			isa = PBXShellScriptBuildPhase;
			buildActionMask = 2147483647;
			files = (
			);
			inputFileListPaths = (
			);
			inputPaths = (
				"${PODS_PODFILE_DIR_PATH}/Podfile.lock",
				"${PODS_ROOT}/Manifest.lock",
			);
			name = "[CP] Check Pods Manifest.lock";
			outputFileListPaths = (
			);
			outputPaths = (
				"$(DERIVED_FILE_DIR)/Pods-HandShakeProject-checkManifestLockResult.txt",
			);
			runOnlyForDeploymentPostprocessing = 0;
			shellPath = /bin/sh;
			shellScript = "diff \"${PODS_PODFILE_DIR_PATH}/Podfile.lock\" \"${PODS_ROOT}/Manifest.lock\" > /dev/null\nif [ $? != 0 ] ; then\n    # print error to STDERR\n    echo \"error: The sandbox is not in sync with the Podfile.lock. Run 'pod install' or update your CocoaPods installation.\" >&2\n    exit 1\nfi\n# This output is used by Xcode 'outputs' to avoid re-running this script phase.\necho \"SUCCESS\" > \"${SCRIPT_OUTPUT_FILE_0}\"\n";
			showEnvVarsInLog = 0;
		};
		CBCF92B0C9D61F3A87EFC701 /* [CP] Embed Pods Frameworks */ = {
			isa = PBXShellScriptBuildPhase;
			buildActionMask = 2147483647;
			files = (
			);
			inputFileListPaths = (
				"${PODS_ROOT}/Target Support Files/Pods-HandShakeProject/Pods-HandShakeProject-frameworks-${CONFIGURATION}-input-files.xcfilelist",
			);
			name = "[CP] Embed Pods Frameworks";
			outputFileListPaths = (
				"${PODS_ROOT}/Target Support Files/Pods-HandShakeProject/Pods-HandShakeProject-frameworks-${CONFIGURATION}-output-files.xcfilelist",
			);
			runOnlyForDeploymentPostprocessing = 0;
			shellPath = /bin/sh;
			shellScript = "\"${PODS_ROOT}/Target Support Files/Pods-HandShakeProject/Pods-HandShakeProject-frameworks.sh\"\n";
			showEnvVarsInLog = 0;
		};
/* End PBXShellScriptBuildPhase section */

/* Begin PBXSourcesBuildPhase section */
		ADACF2C72A6186DB00550283 /* Sources */ = {
			isa = PBXSourcesBuildPhase;
			buildActionMask = 2147483647;
			files = (
				AD13F6382A61A6B0007F5449 /* AuthViewModel.swift in Sources */,
				AD13F63B2A61A85F007F5449 /* InterfaceBuilder.swift in Sources */,
				AD13F6422A61B337007F5449 /* SetupConstraint.swift in Sources */,
				AD13F63F2A61AD28007F5449 /* Bindable.swift in Sources */,
				ADACF2D32A6186DB00550283 /* AuthorizationViewController.swift in Sources */,
				AD13F6362A61A5D4007F5449 /* AuthModel.swift in Sources */,
				AD13F63D2A61AABB007F5449 /* UIView + Extension.swift in Sources */,
				ADACF2CF2A6186DB00550283 /* AppDelegate.swift in Sources */,
				ADACF2D12A6186DB00550283 /* SceneDelegate.swift in Sources */,
			);
			runOnlyForDeploymentPostprocessing = 0;
		};
/* End PBXSourcesBuildPhase section */

/* Begin PBXVariantGroup section */
		ADACF2D42A6186DB00550283 /* Main.storyboard */ = {
			isa = PBXVariantGroup;
			children = (
				ADACF2D52A6186DB00550283 /* Base */,
			);
			name = Main.storyboard;
			sourceTree = "<group>";
		};
		ADACF2D92A6186DF00550283 /* LaunchScreen.storyboard */ = {
			isa = PBXVariantGroup;
			children = (
				ADACF2DA2A6186DF00550283 /* Base */,
			);
			name = LaunchScreen.storyboard;
			sourceTree = "<group>";
		};
/* End PBXVariantGroup section */

/* Begin XCBuildConfiguration section */
		ADACF2DD2A6186DF00550283 /* Debug */ = {
			isa = XCBuildConfiguration;
			buildSettings = {
				ALWAYS_SEARCH_USER_PATHS = NO;
				CLANG_ANALYZER_NONNULL = YES;
				CLANG_ANALYZER_NUMBER_OBJECT_CONVERSION = YES_AGGRESSIVE;
				CLANG_CXX_LANGUAGE_STANDARD = "gnu++20";
				CLANG_ENABLE_MODULES = YES;
				CLANG_ENABLE_OBJC_ARC = YES;
				CLANG_ENABLE_OBJC_WEAK = YES;
				CLANG_WARN_BLOCK_CAPTURE_AUTORELEASING = YES;
				CLANG_WARN_BOOL_CONVERSION = YES;
				CLANG_WARN_COMMA = YES;
				CLANG_WARN_CONSTANT_CONVERSION = YES;
				CLANG_WARN_DEPRECATED_OBJC_IMPLEMENTATIONS = YES;
				CLANG_WARN_DIRECT_OBJC_ISA_USAGE = YES_ERROR;
				CLANG_WARN_DOCUMENTATION_COMMENTS = YES;
				CLANG_WARN_EMPTY_BODY = YES;
				CLANG_WARN_ENUM_CONVERSION = YES;
				CLANG_WARN_INFINITE_RECURSION = YES;
				CLANG_WARN_INT_CONVERSION = YES;
				CLANG_WARN_NON_LITERAL_NULL_CONVERSION = YES;
				CLANG_WARN_OBJC_IMPLICIT_RETAIN_SELF = YES;
				CLANG_WARN_OBJC_LITERAL_CONVERSION = YES;
				CLANG_WARN_OBJC_ROOT_CLASS = YES_ERROR;
				CLANG_WARN_QUOTED_INCLUDE_IN_FRAMEWORK_HEADER = YES;
				CLANG_WARN_RANGE_LOOP_ANALYSIS = YES;
				CLANG_WARN_STRICT_PROTOTYPES = YES;
				CLANG_WARN_SUSPICIOUS_MOVE = YES;
				CLANG_WARN_UNGUARDED_AVAILABILITY = YES_AGGRESSIVE;
				CLANG_WARN_UNREACHABLE_CODE = YES;
				CLANG_WARN__DUPLICATE_METHOD_MATCH = YES;
				COPY_PHASE_STRIP = NO;
				DEBUG_INFORMATION_FORMAT = dwarf;
				ENABLE_STRICT_OBJC_MSGSEND = YES;
				ENABLE_TESTABILITY = YES;
				GCC_C_LANGUAGE_STANDARD = gnu11;
				GCC_DYNAMIC_NO_PIC = NO;
				GCC_NO_COMMON_BLOCKS = YES;
				GCC_OPTIMIZATION_LEVEL = 0;
				GCC_PREPROCESSOR_DEFINITIONS = (
					"DEBUG=1",
					"$(inherited)",
				);
				GCC_WARN_64_TO_32_BIT_CONVERSION = YES;
				GCC_WARN_ABOUT_RETURN_TYPE = YES_ERROR;
				GCC_WARN_UNDECLARED_SELECTOR = YES;
				GCC_WARN_UNINITIALIZED_AUTOS = YES_AGGRESSIVE;
				GCC_WARN_UNUSED_FUNCTION = YES;
				GCC_WARN_UNUSED_VARIABLE = YES;
				IPHONEOS_DEPLOYMENT_TARGET = 16.4;
				MTL_ENABLE_DEBUG_INFO = INCLUDE_SOURCE;
				MTL_FAST_MATH = YES;
				ONLY_ACTIVE_ARCH = YES;
				SDKROOT = iphoneos;
				SWIFT_ACTIVE_COMPILATION_CONDITIONS = DEBUG;
				SWIFT_OPTIMIZATION_LEVEL = "-Onone";
			};
			name = Debug;
		};
		ADACF2DE2A6186DF00550283 /* Release */ = {
			isa = XCBuildConfiguration;
			buildSettings = {
				ALWAYS_SEARCH_USER_PATHS = NO;
				CLANG_ANALYZER_NONNULL = YES;
				CLANG_ANALYZER_NUMBER_OBJECT_CONVERSION = YES_AGGRESSIVE;
				CLANG_CXX_LANGUAGE_STANDARD = "gnu++20";
				CLANG_ENABLE_MODULES = YES;
				CLANG_ENABLE_OBJC_ARC = YES;
				CLANG_ENABLE_OBJC_WEAK = YES;
				CLANG_WARN_BLOCK_CAPTURE_AUTORELEASING = YES;
				CLANG_WARN_BOOL_CONVERSION = YES;
				CLANG_WARN_COMMA = YES;
				CLANG_WARN_CONSTANT_CONVERSION = YES;
				CLANG_WARN_DEPRECATED_OBJC_IMPLEMENTATIONS = YES;
				CLANG_WARN_DIRECT_OBJC_ISA_USAGE = YES_ERROR;
				CLANG_WARN_DOCUMENTATION_COMMENTS = YES;
				CLANG_WARN_EMPTY_BODY = YES;
				CLANG_WARN_ENUM_CONVERSION = YES;
				CLANG_WARN_INFINITE_RECURSION = YES;
				CLANG_WARN_INT_CONVERSION = YES;
				CLANG_WARN_NON_LITERAL_NULL_CONVERSION = YES;
				CLANG_WARN_OBJC_IMPLICIT_RETAIN_SELF = YES;
				CLANG_WARN_OBJC_LITERAL_CONVERSION = YES;
				CLANG_WARN_OBJC_ROOT_CLASS = YES_ERROR;
				CLANG_WARN_QUOTED_INCLUDE_IN_FRAMEWORK_HEADER = YES;
				CLANG_WARN_RANGE_LOOP_ANALYSIS = YES;
				CLANG_WARN_STRICT_PROTOTYPES = YES;
				CLANG_WARN_SUSPICIOUS_MOVE = YES;
				CLANG_WARN_UNGUARDED_AVAILABILITY = YES_AGGRESSIVE;
				CLANG_WARN_UNREACHABLE_CODE = YES;
				CLANG_WARN__DUPLICATE_METHOD_MATCH = YES;
				COPY_PHASE_STRIP = NO;
				DEBUG_INFORMATION_FORMAT = "dwarf-with-dsym";
				ENABLE_NS_ASSERTIONS = NO;
				ENABLE_STRICT_OBJC_MSGSEND = YES;
				GCC_C_LANGUAGE_STANDARD = gnu11;
				GCC_NO_COMMON_BLOCKS = YES;
				GCC_WARN_64_TO_32_BIT_CONVERSION = YES;
				GCC_WARN_ABOUT_RETURN_TYPE = YES_ERROR;
				GCC_WARN_UNDECLARED_SELECTOR = YES;
				GCC_WARN_UNINITIALIZED_AUTOS = YES_AGGRESSIVE;
				GCC_WARN_UNUSED_FUNCTION = YES;
				GCC_WARN_UNUSED_VARIABLE = YES;
				IPHONEOS_DEPLOYMENT_TARGET = 16.4;
				MTL_ENABLE_DEBUG_INFO = NO;
				MTL_FAST_MATH = YES;
				SDKROOT = iphoneos;
				SWIFT_COMPILATION_MODE = wholemodule;
				SWIFT_OPTIMIZATION_LEVEL = "-O";
				VALIDATE_PRODUCT = YES;
			};
			name = Release;
		};
		ADACF2E02A6186DF00550283 /* Debug */ = {
			isa = XCBuildConfiguration;
			baseConfigurationReference = F750C46B0757A8FD8322E091 /* Pods-HandShakeProject.debug.xcconfig */;
			buildSettings = {
				ASSETCATALOG_COMPILER_APPICON_NAME = AppIcon;
				ASSETCATALOG_COMPILER_GLOBAL_ACCENT_COLOR_NAME = AccentColor;
				CODE_SIGN_STYLE = Automatic;
				CURRENT_PROJECT_VERSION = 1;
				DEVELOPMENT_TEAM = BRUHN3JJ9Z;
				GENERATE_INFOPLIST_FILE = YES;
				INFOPLIST_FILE = HandShakeProject/Info.plist;
				INFOPLIST_KEY_UIApplicationSupportsIndirectInputEvents = YES;
				INFOPLIST_KEY_UILaunchStoryboardName = LaunchScreen;
				INFOPLIST_KEY_UIMainStoryboardFile = Main;
				INFOPLIST_KEY_UISupportedInterfaceOrientations_iPad = "UIInterfaceOrientationPortrait UIInterfaceOrientationPortraitUpsideDown UIInterfaceOrientationLandscapeLeft UIInterfaceOrientationLandscapeRight";
				INFOPLIST_KEY_UISupportedInterfaceOrientations_iPhone = "UIInterfaceOrientationPortrait UIInterfaceOrientationLandscapeLeft UIInterfaceOrientationLandscapeRight";
				LD_RUNPATH_SEARCH_PATHS = (
					"$(inherited)",
					"@executable_path/Frameworks",
				);
				MARKETING_VERSION = 1.0;
				PRODUCT_BUNDLE_IDENTIFIER = com.HandShakeProject;
				PRODUCT_NAME = "$(TARGET_NAME)";
				SWIFT_EMIT_LOC_STRINGS = YES;
				SWIFT_VERSION = 5.0;
				TARGETED_DEVICE_FAMILY = "1,2";
			};
			name = Debug;
		};
		ADACF2E12A6186DF00550283 /* Release */ = {
			isa = XCBuildConfiguration;
			baseConfigurationReference = 5DED29EF21E010BBC150038D /* Pods-HandShakeProject.release.xcconfig */;
			buildSettings = {
				ASSETCATALOG_COMPILER_APPICON_NAME = AppIcon;
				ASSETCATALOG_COMPILER_GLOBAL_ACCENT_COLOR_NAME = AccentColor;
				CODE_SIGN_STYLE = Automatic;
				CURRENT_PROJECT_VERSION = 1;
				DEVELOPMENT_TEAM = BRUHN3JJ9Z;
				GENERATE_INFOPLIST_FILE = YES;
				INFOPLIST_FILE = HandShakeProject/Info.plist;
				INFOPLIST_KEY_UIApplicationSupportsIndirectInputEvents = YES;
				INFOPLIST_KEY_UILaunchStoryboardName = LaunchScreen;
				INFOPLIST_KEY_UIMainStoryboardFile = Main;
				INFOPLIST_KEY_UISupportedInterfaceOrientations_iPad = "UIInterfaceOrientationPortrait UIInterfaceOrientationPortraitUpsideDown UIInterfaceOrientationLandscapeLeft UIInterfaceOrientationLandscapeRight";
				INFOPLIST_KEY_UISupportedInterfaceOrientations_iPhone = "UIInterfaceOrientationPortrait UIInterfaceOrientationLandscapeLeft UIInterfaceOrientationLandscapeRight";
				LD_RUNPATH_SEARCH_PATHS = (
					"$(inherited)",
					"@executable_path/Frameworks",
				);
				MARKETING_VERSION = 1.0;
				PRODUCT_BUNDLE_IDENTIFIER = com.HandShakeProject;
				PRODUCT_NAME = "$(TARGET_NAME)";
				SWIFT_EMIT_LOC_STRINGS = YES;
				SWIFT_VERSION = 5.0;
				TARGETED_DEVICE_FAMILY = "1,2";
			};
			name = Release;
		};
/* End XCBuildConfiguration section */

/* Begin XCConfigurationList section */
		ADACF2C62A6186DB00550283 /* Build configuration list for PBXProject "HandShakeProject" */ = {
			isa = XCConfigurationList;
			buildConfigurations = (
				ADACF2DD2A6186DF00550283 /* Debug */,
				ADACF2DE2A6186DF00550283 /* Release */,
			);
			defaultConfigurationIsVisible = 0;
			defaultConfigurationName = Release;
		};
		ADACF2DF2A6186DF00550283 /* Build configuration list for PBXNativeTarget "HandShakeProject" */ = {
			isa = XCConfigurationList;
			buildConfigurations = (
				ADACF2E02A6186DF00550283 /* Debug */,
				ADACF2E12A6186DF00550283 /* Release */,
			);
			defaultConfigurationIsVisible = 0;
			defaultConfigurationName = Release;
		};
/* End XCConfigurationList section */
	};
	rootObject = ADACF2C32A6186DB00550283 /* Project object */;
}
